
Microsoft Visual Studio Solution File, Format Version 12.00
# Visual Studio Version 16
VisualStudioVersion = 16.0.29709.97
MinimumVisualStudioVersion = 10.0.40219.1
Project("{FAE04EC0-301F-11D3-BF4B-00C04F79EFBC}") = "Explorable Areas", "Explorable Areas.csproj", "{2856556F-0802-4CFE-9498-F50E2C3C2CF9}"
EndProject
Global
	GlobalSection(SolutionConfigurationPlatforms) = preSolution
		Debug|Any CPU = Debug|Any CPU
		Release|Any CPU = Release|Any CPU
	EndGlobalSection
	GlobalSection(ProjectConfigurationPlatforms) = postSolution
		{2856556F-0802-4CFE-9498-F50E2C3C2CF9}.Debug|Any CPU.ActiveCfg = Debug|Any CPU
		{2856556F-0802-4CFE-9498-F50E2C3C2CF9}.Debug|Any CPU.Build.0 = Debug|Any CPU
		{2856556F-0802-4CFE-9498-F50E2C3C2CF9}.Release|Any CPU.ActiveCfg = Release|Any CPU
		{2856556F-0802-4CFE-9498-F50E2C3C2CF9}.Release|Any CPU.Build.0 = Release|Any CPU
	EndGlobalSection
	GlobalSection(SolutionProperties) = preSolution
		HideSolutionNode = FALSE
	EndGlobalSection
	GlobalSection(ExtensibilityGlobals) = postSolution
		SolutionGuid = {4B35F372-F422-4EF1-97C9-0285409A3A3D}
	EndGlobalSection
EndGlobal
